// !$*UTF8*$!
{
	archiveVersion = 1;
	classes = {
	};
	objectVersion = 56;
	objects = {

/* Begin PBXBuildFile section */
		C169C04F2C12A9A500975B1F /* AddPlayerView.swift in Sources */ = {isa = PBXBuildFile; fileRef = C169C04E2C12A9A500975B1F /* AddPlayerView.swift */; };
		C1F8B50D2BFE638900FDF12B /* ScorcererApp.swift in Sources */ = {isa = PBXBuildFile; fileRef = C1F8B50C2BFE638900FDF12B /* ScorcererApp.swift */; };
		C1F8B50F2BFE638900FDF12B /* ContentView.swift in Sources */ = {isa = PBXBuildFile; fileRef = C1F8B50E2BFE638900FDF12B /* ContentView.swift */; };
		C1F8B5112BFE638A00FDF12B /* Assets.xcassets in Resources */ = {isa = PBXBuildFile; fileRef = C1F8B5102BFE638A00FDF12B /* Assets.xcassets */; };
		C1F8B5142BFE638A00FDF12B /* Preview Assets.xcassets in Resources */ = {isa = PBXBuildFile; fileRef = C1F8B5132BFE638A00FDF12B /* Preview Assets.xcassets */; };
		C1F8B51B2BFE6B6200FDF12B /* Color.swift in Sources */ = {isa = PBXBuildFile; fileRef = C1F8B51A2BFE6B6200FDF12B /* Color.swift */; };
		C1F8B51D2BFE6CF100FDF12B /* PlayerView.swift in Sources */ = {isa = PBXBuildFile; fileRef = C1F8B51C2BFE6CF100FDF12B /* PlayerView.swift */; };
		C1F8B51F2BFEBD9400FDF12B /* ScorcererViewModel.swift in Sources */ = {isa = PBXBuildFile; fileRef = C1F8B51E2BFEBD9400FDF12B /* ScorcererViewModel.swift */; };
		C1F8B5212BFF0FA100FDF12B /* EditScoreView.swift in Sources */ = {isa = PBXBuildFile; fileRef = C1F8B5202BFF0FA100FDF12B /* EditScoreView.swift */; };
		C1F8B5232C00FB0800FDF12B /* ButtonStyle.swift in Sources */ = {isa = PBXBuildFile; fileRef = C1F8B5222C00FB0800FDF12B /* ButtonStyle.swift */; };
		C1F8B5272C052D5700FDF12B /* CalculatorView.swift in Sources */ = {isa = PBXBuildFile; fileRef = C1F8B5262C052D5700FDF12B /* CalculatorView.swift */; };
/* End PBXBuildFile section */

/* Begin PBXFileReference section */
		C169C04E2C12A9A500975B1F /* AddPlayerView.swift */ = {isa = PBXFileReference; lastKnownFileType = sourcecode.swift; path = AddPlayerView.swift; sourceTree = "<group>"; };
		C1F8B5092BFE638900FDF12B /* Scorcerer.app */ = {isa = PBXFileReference; explicitFileType = wrapper.application; includeInIndex = 0; path = Scorcerer.app; sourceTree = BUILT_PRODUCTS_DIR; };
		C1F8B50C2BFE638900FDF12B /* ScorcererApp.swift */ = {isa = PBXFileReference; lastKnownFileType = sourcecode.swift; path = ScorcererApp.swift; sourceTree = "<group>"; };
		C1F8B50E2BFE638900FDF12B /* ContentView.swift */ = {isa = PBXFileReference; lastKnownFileType = sourcecode.swift; path = ContentView.swift; sourceTree = "<group>"; };
		C1F8B5102BFE638A00FDF12B /* Assets.xcassets */ = {isa = PBXFileReference; lastKnownFileType = folder.assetcatalog; path = Assets.xcassets; sourceTree = "<group>"; };
		C1F8B5132BFE638A00FDF12B /* Preview Assets.xcassets */ = {isa = PBXFileReference; lastKnownFileType = folder.assetcatalog; path = "Preview Assets.xcassets"; sourceTree = "<group>"; };
		C1F8B51A2BFE6B6200FDF12B /* Color.swift */ = {isa = PBXFileReference; lastKnownFileType = sourcecode.swift; path = Color.swift; sourceTree = "<group>"; };
		C1F8B51C2BFE6CF100FDF12B /* PlayerView.swift */ = {isa = PBXFileReference; lastKnownFileType = sourcecode.swift; path = PlayerView.swift; sourceTree = "<group>"; };
		C1F8B51E2BFEBD9400FDF12B /* ScorcererViewModel.swift */ = {isa = PBXFileReference; lastKnownFileType = sourcecode.swift; path = ScorcererViewModel.swift; sourceTree = "<group>"; };
		C1F8B5202BFF0FA100FDF12B /* EditScoreView.swift */ = {isa = PBXFileReference; lastKnownFileType = sourcecode.swift; path = EditScoreView.swift; sourceTree = "<group>"; };
		C1F8B5222C00FB0800FDF12B /* ButtonStyle.swift */ = {isa = PBXFileReference; lastKnownFileType = sourcecode.swift; path = ButtonStyle.swift; sourceTree = "<group>"; };
		C1F8B5262C052D5700FDF12B /* CalculatorView.swift */ = {isa = PBXFileReference; lastKnownFileType = sourcecode.swift; path = CalculatorView.swift; sourceTree = "<group>"; };
/* End PBXFileReference section */

/* Begin PBXFrameworksBuildPhase section */
		C1F8B5062BFE638900FDF12B /* Frameworks */ = {
			isa = PBXFrameworksBuildPhase;
			buildActionMask = 2147483647;
			files = (
			);
			runOnlyForDeploymentPostprocessing = 0;
		};
/* End PBXFrameworksBuildPhase section */

/* Begin PBXGroup section */
		C1F8B5002BFE638900FDF12B = {
			isa = PBXGroup;
			children = (
				C1F8B50B2BFE638900FDF12B /* Scorcerer */,
				C1F8B50A2BFE638900FDF12B /* Products */,
			);
			sourceTree = "<group>";
		};
		C1F8B50A2BFE638900FDF12B /* Products */ = {
			isa = PBXGroup;
			children = (
				C1F8B5092BFE638900FDF12B /* Scorcerer.app */,
			);
			name = Products;
			sourceTree = "<group>";
		};
		C1F8B50B2BFE638900FDF12B /* Scorcerer */ = {
			isa = PBXGroup;
			children = (
				C1F8B5102BFE638A00FDF12B /* Assets.xcassets */,
				C1F8B50C2BFE638900FDF12B /* ScorcererApp.swift */,
				C1F8B51E2BFEBD9400FDF12B /* ScorcererViewModel.swift */,
				C1F8B50E2BFE638900FDF12B /* ContentView.swift */,
				C1F8B51C2BFE6CF100FDF12B /* PlayerView.swift */,
				C169C04E2C12A9A500975B1F /* AddPlayerView.swift */,
				C1F8B5252C0104AA00FDF12B /* Edit Score */,
				C1F8B5242C00FB1900FDF12B /* Utilities */,
				C1F8B5122BFE638A00FDF12B /* Preview Content */,
			);
			path = Scorcerer;
			sourceTree = "<group>";
		};
		C1F8B5122BFE638A00FDF12B /* Preview Content */ = {
			isa = PBXGroup;
			children = (
				C1F8B5132BFE638A00FDF12B /* Preview Assets.xcassets */,
			);
			path = "Preview Content";
			sourceTree = "<group>";
		};
		C1F8B5242C00FB1900FDF12B /* Utilities */ = {
			isa = PBXGroup;
			children = (
				C1F8B5222C00FB0800FDF12B /* ButtonStyle.swift */,
				C1F8B51A2BFE6B6200FDF12B /* Color.swift */,
			);
			path = Utilities;
			sourceTree = "<group>";
		};
		C1F8B5252C0104AA00FDF12B /* Edit Score */ = {
			isa = PBXGroup;
			children = (
				C1F8B5202BFF0FA100FDF12B /* EditScoreView.swift */,
				C1F8B5262C052D5700FDF12B /* CalculatorView.swift */,
			);
			path = "Edit Score";
			sourceTree = "<group>";
		};
/* End PBXGroup section */

/* Begin PBXNativeTarget section */
		C1F8B5082BFE638900FDF12B /* Scorcerer */ = {
			isa = PBXNativeTarget;
			buildConfigurationList = C1F8B5172BFE638A00FDF12B /* Build configuration list for PBXNativeTarget "Scorcerer" */;
			buildPhases = (
				C1F8B5052BFE638900FDF12B /* Sources */,
				C1F8B5062BFE638900FDF12B /* Frameworks */,
				C1F8B5072BFE638900FDF12B /* Resources */,
			);
			buildRules = (
			);
			dependencies = (
			);
			name = Scorcerer;
			productName = Scorcerer;
			productReference = C1F8B5092BFE638900FDF12B /* Scorcerer.app */;
			productType = "com.apple.product-type.application";
		};
/* End PBXNativeTarget section */

/* Begin PBXProject section */
		C1F8B5012BFE638900FDF12B /* Project object */ = {
			isa = PBXProject;
			attributes = {
				BuildIndependentTargetsInParallel = 1;
				LastSwiftUpdateCheck = 1540;
				LastUpgradeCheck = 1540;
				TargetAttributes = {
					C1F8B5082BFE638900FDF12B = {
						CreatedOnToolsVersion = 15.4;
					};
				};
			};
			buildConfigurationList = C1F8B5042BFE638900FDF12B /* Build configuration list for PBXProject "Scorcerer" */;
			compatibilityVersion = "Xcode 14.0";
			developmentRegion = en;
			hasScannedForEncodings = 0;
			knownRegions = (
				en,
				Base,
			);
			mainGroup = C1F8B5002BFE638900FDF12B;
			productRefGroup = C1F8B50A2BFE638900FDF12B /* Products */;
			projectDirPath = "";
			projectRoot = "";
			targets = (
				C1F8B5082BFE638900FDF12B /* Scorcerer */,
			);
		};
/* End PBXProject section */

/* Begin PBXResourcesBuildPhase section */
		C1F8B5072BFE638900FDF12B /* Resources */ = {
			isa = PBXResourcesBuildPhase;
			buildActionMask = 2147483647;
			files = (
				C1F8B5142BFE638A00FDF12B /* Preview Assets.xcassets in Resources */,
				C1F8B5112BFE638A00FDF12B /* Assets.xcassets in Resources */,
			);
			runOnlyForDeploymentPostprocessing = 0;
		};
/* End PBXResourcesBuildPhase section */

/* Begin PBXSourcesBuildPhase section */
		C1F8B5052BFE638900FDF12B /* Sources */ = {
			isa = PBXSourcesBuildPhase;
			buildActionMask = 2147483647;
			files = (
				C1F8B51F2BFEBD9400FDF12B /* ScorcererViewModel.swift in Sources */,
				C1F8B50F2BFE638900FDF12B /* ContentView.swift in Sources */,
				C1F8B50D2BFE638900FDF12B /* ScorcererApp.swift in Sources */,
				C1F8B5212BFF0FA100FDF12B /* EditScoreView.swift in Sources */,
				C169C04F2C12A9A500975B1F /* AddPlayerView.swift in Sources */,
				C1F8B51B2BFE6B6200FDF12B /* Color.swift in Sources */,
				C1F8B5272C052D5700FDF12B /* CalculatorView.swift in Sources */,
				C1F8B51D2BFE6CF100FDF12B /* PlayerView.swift in Sources */,
				C1F8B5232C00FB0800FDF12B /* ButtonStyle.swift in Sources */,
			);
			runOnlyForDeploymentPostprocessing = 0;
		};
/* End PBXSourcesBuildPhase section */

/* Begin XCBuildConfiguration section */
		C1F8B5152BFE638A00FDF12B /* Debug */ = {
			isa = XCBuildConfiguration;
			buildSettings = {
				ALWAYS_SEARCH_USER_PATHS = NO;
				ASSETCATALOG_COMPILER_GENERATE_SWIFT_ASSET_SYMBOL_EXTENSIONS = YES;
				CLANG_ANALYZER_NONNULL = YES;
				CLANG_ANALYZER_NUMBER_OBJECT_CONVERSION = YES_AGGRESSIVE;
				CLANG_CXX_LANGUAGE_STANDARD = "gnu++20";
				CLANG_ENABLE_MODULES = YES;
				CLANG_ENABLE_OBJC_ARC = YES;
				CLANG_ENABLE_OBJC_WEAK = YES;
				CLANG_WARN_BLOCK_CAPTURE_AUTORELEASING = YES;
				CLANG_WARN_BOOL_CONVERSION = YES;
				CLANG_WARN_COMMA = YES;
				CLANG_WARN_CONSTANT_CONVERSION = YES;
				CLANG_WARN_DEPRECATED_OBJC_IMPLEMENTATIONS = YES;
				CLANG_WARN_DIRECT_OBJC_ISA_USAGE = YES_ERROR;
				CLANG_WARN_DOCUMENTATION_COMMENTS = YES;
				CLANG_WARN_EMPTY_BODY = YES;
				CLANG_WARN_ENUM_CONVERSION = YES;
				CLANG_WARN_INFINITE_RECURSION = YES;
				CLANG_WARN_INT_CONVERSION = YES;
				CLANG_WARN_NON_LITERAL_NULL_CONVERSION = YES;
				CLANG_WARN_OBJC_IMPLICIT_RETAIN_SELF = YES;
				CLANG_WARN_OBJC_LITERAL_CONVERSION = YES;
				CLANG_WARN_OBJC_ROOT_CLASS = YES_ERROR;
				CLANG_WARN_QUOTED_INCLUDE_IN_FRAMEWORK_HEADER = YES;
				CLANG_WARN_RANGE_LOOP_ANALYSIS = YES;
				CLANG_WARN_STRICT_PROTOTYPES = YES;
				CLANG_WARN_SUSPICIOUS_MOVE = YES;
				CLANG_WARN_UNGUARDED_AVAILABILITY = YES_AGGRESSIVE;
				CLANG_WARN_UNREACHABLE_CODE = YES;
				CLANG_WARN__DUPLICATE_METHOD_MATCH = YES;
				COPY_PHASE_STRIP = NO;
				DEBUG_INFORMATION_FORMAT = dwarf;
				ENABLE_STRICT_OBJC_MSGSEND = YES;
				ENABLE_TESTABILITY = YES;
				ENABLE_USER_SCRIPT_SANDBOXING = YES;
				GCC_C_LANGUAGE_STANDARD = gnu17;
				GCC_DYNAMIC_NO_PIC = NO;
				GCC_NO_COMMON_BLOCKS = YES;
				GCC_OPTIMIZATION_LEVEL = 0;
				GCC_PREPROCESSOR_DEFINITIONS = (
					"DEBUG=1",
					"$(inherited)",
				);
				GCC_WARN_64_TO_32_BIT_CONVERSION = YES;
				GCC_WARN_ABOUT_RETURN_TYPE = YES_ERROR;
				GCC_WARN_UNDECLARED_SELECTOR = YES;
				GCC_WARN_UNINITIALIZED_AUTOS = YES_AGGRESSIVE;
				GCC_WARN_UNUSED_FUNCTION = YES;
				GCC_WARN_UNUSED_VARIABLE = YES;
				IPHONEOS_DEPLOYMENT_TARGET = 17.5;
				LOCALIZATION_PREFERS_STRING_CATALOGS = YES;
				MTL_ENABLE_DEBUG_INFO = INCLUDE_SOURCE;
				MTL_FAST_MATH = YES;
				ONLY_ACTIVE_ARCH = YES;
				SDKROOT = iphoneos;
				SWIFT_ACTIVE_COMPILATION_CONDITIONS = "DEBUG $(inherited)";
				SWIFT_OPTIMIZATION_LEVEL = "-Onone";
			};
			name = Debug;
		};
		C1F8B5162BFE638A00FDF12B /* Release */ = {
			isa = XCBuildConfiguration;
			buildSettings = {
				ALWAYS_SEARCH_USER_PATHS = NO;
				ASSETCATALOG_COMPILER_GENERATE_SWIFT_ASSET_SYMBOL_EXTENSIONS = YES;
				CLANG_ANALYZER_NONNULL = YES;
				CLANG_ANALYZER_NUMBER_OBJECT_CONVERSION = YES_AGGRESSIVE;
				CLANG_CXX_LANGUAGE_STANDARD = "gnu++20";
				CLANG_ENABLE_MODULES = YES;
				CLANG_ENABLE_OBJC_ARC = YES;
				CLANG_ENABLE_OBJC_WEAK = YES;
				CLANG_WARN_BLOCK_CAPTURE_AUTORELEASING = YES;
				CLANG_WARN_BOOL_CONVERSION = YES;
				CLANG_WARN_COMMA = YES;
				CLANG_WARN_CONSTANT_CONVERSION = YES;
				CLANG_WARN_DEPRECATED_OBJC_IMPLEMENTATIONS = YES;
				CLANG_WARN_DIRECT_OBJC_ISA_USAGE = YES_ERROR;
				CLANG_WARN_DOCUMENTATION_COMMENTS = YES;
				CLANG_WARN_EMPTY_BODY = YES;
				CLANG_WARN_ENUM_CONVERSION = YES;
				CLANG_WARN_INFINITE_RECURSION = YES;
				CLANG_WARN_INT_CONVERSION = YES;
				CLANG_WARN_NON_LITERAL_NULL_CONVERSION = YES;
				CLANG_WARN_OBJC_IMPLICIT_RETAIN_SELF = YES;
				CLANG_WARN_OBJC_LITERAL_CONVERSION = YES;
				CLANG_WARN_OBJC_ROOT_CLASS = YES_ERROR;
				CLANG_WARN_QUOTED_INCLUDE_IN_FRAMEWORK_HEADER = YES;
				CLANG_WARN_RANGE_LOOP_ANALYSIS = YES;
				CLANG_WARN_STRICT_PROTOTYPES = YES;
				CLANG_WARN_SUSPICIOUS_MOVE = YES;
				CLANG_WARN_UNGUARDED_AVAILABILITY = YES_AGGRESSIVE;
				CLANG_WARN_UNREACHABLE_CODE = YES;
				CLANG_WARN__DUPLICATE_METHOD_MATCH = YES;
				COPY_PHASE_STRIP = NO;
				DEBUG_INFORMATION_FORMAT = "dwarf-with-dsym";
				ENABLE_NS_ASSERTIONS = NO;
				ENABLE_STRICT_OBJC_MSGSEND = YES;
				ENABLE_USER_SCRIPT_SANDBOXING = YES;
				GCC_C_LANGUAGE_STANDARD = gnu17;
				GCC_NO_COMMON_BLOCKS = YES;
				GCC_WARN_64_TO_32_BIT_CONVERSION = YES;
				GCC_WARN_ABOUT_RETURN_TYPE = YES_ERROR;
				GCC_WARN_UNDECLARED_SELECTOR = YES;
				GCC_WARN_UNINITIALIZED_AUTOS = YES_AGGRESSIVE;
				GCC_WARN_UNUSED_FUNCTION = YES;
				GCC_WARN_UNUSED_VARIABLE = YES;
				IPHONEOS_DEPLOYMENT_TARGET = 17.5;
				LOCALIZATION_PREFERS_STRING_CATALOGS = YES;
				MTL_ENABLE_DEBUG_INFO = NO;
				MTL_FAST_MATH = YES;
				SDKROOT = iphoneos;
				SWIFT_COMPILATION_MODE = wholemodule;
				VALIDATE_PRODUCT = YES;
			};
			name = Release;
		};
		C1F8B5182BFE638A00FDF12B /* Debug */ = {
			isa = XCBuildConfiguration;
			buildSettings = {
				ASSETCATALOG_COMPILER_APPICON_NAME = AppIcon;
				ASSETCATALOG_COMPILER_GLOBAL_ACCENT_COLOR_NAME = AccentColor;
				CODE_SIGN_STYLE = Automatic;
				CURRENT_PROJECT_VERSION = 1;
				DEVELOPMENT_ASSET_PATHS = "\"Scorcerer/Preview Content\"";
				DEVELOPMENT_TEAM = KTTGU94DH6;
				ENABLE_PREVIEWS = YES;
				GENERATE_INFOPLIST_FILE = YES;
				INFOPLIST_KEY_UIApplicationSceneManifest_Generation = YES;
				INFOPLIST_KEY_UIApplicationSupportsIndirectInputEvents = YES;
				INFOPLIST_KEY_UILaunchScreen_Generation = YES;
				INFOPLIST_KEY_UISupportedInterfaceOrientations_iPad = "UIInterfaceOrientationPortrait UIInterfaceOrientationPortraitUpsideDown UIInterfaceOrientationLandscapeLeft UIInterfaceOrientationLandscapeRight";
				INFOPLIST_KEY_UISupportedInterfaceOrientations_iPhone = "UIInterfaceOrientationPortrait UIInterfaceOrientationLandscapeLeft UIInterfaceOrientationLandscapeRight";
				IPHONEOS_DEPLOYMENT_TARGET = 17.0;
				LD_RUNPATH_SEARCH_PATHS = (
					"$(inherited)",
					"@executable_path/Frameworks",
				);
				MARKETING_VERSION = 1.0;
				PRODUCT_BUNDLE_IDENTIFIER = MaddGaming.Scorcerer;
				PRODUCT_NAME = "$(TARGET_NAME)";
				SWIFT_EMIT_LOC_STRINGS = YES;
				SWIFT_VERSION = 5.0;
				TARGETED_DEVICE_FAMILY = "1,2";
			};
			name = Debug;
		};
		C1F8B5192BFE638A00FDF12B /* Release */ = {
			isa = XCBuildConfiguration;
			buildSettings = {
				ASSETCATALOG_COMPILER_APPICON_NAME = AppIcon;
				ASSETCATALOG_COMPILER_GLOBAL_ACCENT_COLOR_NAME = AccentColor;
				CODE_SIGN_STYLE = Automatic;
				CURRENT_PROJECT_VERSION = 1;
				DEVELOPMENT_ASSET_PATHS = "\"Scorcerer/Preview Content\"";
				DEVELOPMENT_TEAM = KTTGU94DH6;
				ENABLE_PREVIEWS = YES;
				GENERATE_INFOPLIST_FILE = YES;
				INFOPLIST_KEY_UIApplicationSceneManifest_Generation = YES;
				INFOPLIST_KEY_UIApplicationSupportsIndirectInputEvents = YES;
				INFOPLIST_KEY_UILaunchScreen_Generation = YES;
				INFOPLIST_KEY_UISupportedInterfaceOrientations_iPad = "UIInterfaceOrientationPortrait UIInterfaceOrientationPortraitUpsideDown UIInterfaceOrientationLandscapeLeft UIInterfaceOrientationLandscapeRight";
				INFOPLIST_KEY_UISupportedInterfaceOrientations_iPhone = "UIInterfaceOrientationPortrait UIInterfaceOrientationLandscapeLeft UIInterfaceOrientationLandscapeRight";
				IPHONEOS_DEPLOYMENT_TARGET = 17.0;
				LD_RUNPATH_SEARCH_PATHS = (
					"$(inherited)",
					"@executable_path/Frameworks",
				);
				MARKETING_VERSION = 1.0;
				PRODUCT_BUNDLE_IDENTIFIER = MaddGaming.Scorcerer;
				PRODUCT_NAME = "$(TARGET_NAME)";
				SWIFT_EMIT_LOC_STRINGS = YES;
				SWIFT_VERSION = 5.0;
				TARGETED_DEVICE_FAMILY = "1,2";
			};
			name = Release;
		};
/* End XCBuildConfiguration section */

/* Begin XCConfigurationList section */
		C1F8B5042BFE638900FDF12B /* Build configuration list for PBXProject "Scorcerer" */ = {
			isa = XCConfigurationList;
			buildConfigurations = (
				C1F8B5152BFE638A00FDF12B /* Debug */,
				C1F8B5162BFE638A00FDF12B /* Release */,
			);
			defaultConfigurationIsVisible = 0;
			defaultConfigurationName = Release;
		};
		C1F8B5172BFE638A00FDF12B /* Build configuration list for PBXNativeTarget "Scorcerer" */ = {
			isa = XCConfigurationList;
			buildConfigurations = (
				C1F8B5182BFE638A00FDF12B /* Debug */,
				C1F8B5192BFE638A00FDF12B /* Release */,
			);
			defaultConfigurationIsVisible = 0;
			defaultConfigurationName = Release;
		};
/* End XCConfigurationList section */
	};
	rootObject = C1F8B5012BFE638900FDF12B /* Project object */;
}
